
Microsoft Visual Studio Solution File, Format Version 12.00
# Visual Studio Version 17
VisualStudioVersion = 17.9.34616.47
MinimumVisualStudioVersion = 10.0.40219.1
Project("{FAE04EC0-301F-11D3-BF4B-00C04F79EFBC}") = "SMSUserInterface", "SMSUserInterface\SMSUserInterface.csproj", "{5BDB9403-B13A-434D-AB08-0E86D8B02097}"
EndProject
Project("{FAE04EC0-301F-11D3-BF4B-00C04F79EFBC}") = "SMS.BusinessLogicLayer", "SMS.BusinessLogicLayer\SMS.BusinessLogicLayer.csproj", "{113EDFD2-45BD-406D-8F5E-FC5EFA332E24}"
EndProject
Project("{FAE04EC0-301F-11D3-BF4B-00C04F79EFBC}") = "SMS.DataAccessLayer", "SMS.DataAccessLayer\SMS.DataAccessLayer.csproj", "{D1F6AB29-058A-4994-92DB-E1155BD6E059}"
EndProject
Project("{FAE04EC0-301F-11D3-BF4B-00C04F79EFBC}") = "SMS.BusinessObjectLayer", "SMS.BusinessObjectLayer\SMS.BusinessObjectLayer.csproj", "{467C941E-E174-46A1-9461-E95C82682D80}"
EndProject
Global
	GlobalSection(SolutionConfigurationPlatforms) = preSolution
		Debug|Any CPU = Debug|Any CPU
		Release|Any CPU = Release|Any CPU
	EndGlobalSection
	GlobalSection(ProjectConfigurationPlatforms) = postSolution
		{5BDB9403-B13A-434D-AB08-0E86D8B02097}.Debug|Any CPU.ActiveCfg = Debug|Any CPU
		{5BDB9403-B13A-434D-AB08-0E86D8B02097}.Debug|Any CPU.Build.0 = Debug|Any CPU
		{5BDB9403-B13A-434D-AB08-0E86D8B02097}.Release|Any CPU.ActiveCfg = Release|Any CPU
		{5BDB9403-B13A-434D-AB08-0E86D8B02097}.Release|Any CPU.Build.0 = Release|Any CPU
		{113EDFD2-45BD-406D-8F5E-FC5EFA332E24}.Debug|Any CPU.ActiveCfg = Debug|Any CPU
		{113EDFD2-45BD-406D-8F5E-FC5EFA332E24}.Debug|Any CPU.Build.0 = Debug|Any CPU
		{113EDFD2-45BD-406D-8F5E-FC5EFA332E24}.Release|Any CPU.ActiveCfg = Release|Any CPU
		{113EDFD2-45BD-406D-8F5E-FC5EFA332E24}.Release|Any CPU.Build.0 = Release|Any CPU
		{D1F6AB29-058A-4994-92DB-E1155BD6E059}.Debug|Any CPU.ActiveCfg = Debug|Any CPU
		{D1F6AB29-058A-4994-92DB-E1155BD6E059}.Debug|Any CPU.Build.0 = Debug|Any CPU
		{D1F6AB29-058A-4994-92DB-E1155BD6E059}.Release|Any CPU.ActiveCfg = Release|Any CPU
		{D1F6AB29-058A-4994-92DB-E1155BD6E059}.Release|Any CPU.Build.0 = Release|Any CPU
		{467C941E-E174-46A1-9461-E95C82682D80}.Debug|Any CPU.ActiveCfg = Debug|Any CPU
		{467C941E-E174-46A1-9461-E95C82682D80}.Debug|Any CPU.Build.0 = Debug|Any CPU
		{467C941E-E174-46A1-9461-E95C82682D80}.Release|Any CPU.ActiveCfg = Release|Any CPU
		{467C941E-E174-46A1-9461-E95C82682D80}.Release|Any CPU.Build.0 = Release|Any CPU
	EndGlobalSection
	GlobalSection(SolutionProperties) = preSolution
		HideSolutionNode = FALSE
	EndGlobalSection
	GlobalSection(ExtensibilityGlobals) = postSolution
		SolutionGuid = {8A97AB49-6EE0-4F36-80AB-4CFA4B5775C1}
	EndGlobalSection
EndGlobal
